Microsoft Visual Studio Solution File, Format Version 12.00
# Visual Studio Version 17
VisualStudioVersion = 17.5.2.0
MinimumVisualStudioVersion = 10.0.40219.1
Project("{FAE04EC0-301F-11D3-BF4B-00C04F79EFBC}") = "gh-repo-issue-automator", "gh-repo-issue-automator.csproj", "{134418CC-AA04-9816-6157-AF4DBFC224C8}"
EndProject
Global
	GlobalSection(SolutionConfigurationPlatforms) = preSolution
		Debug|Any CPU = Debug|Any CPU
		Release|Any CPU = Release|Any CPU
	EndGlobalSection
	GlobalSection(ProjectConfigurationPlatforms) = postSolution
		{134418CC-AA04-9816-6157-AF4DBFC224C8}.Debug|Any CPU.ActiveCfg = Debug|Any CPU
		{134418CC-AA04-9816-6157-AF4DBFC224C8}.Debug|Any CPU.Build.0 = Debug|Any CPU
		{134418CC-AA04-9816-6157-AF4DBFC224C8}.Release|Any CPU.ActiveCfg = Release|Any CPU
		{134418CC-AA04-9816-6157-AF4DBFC224C8}.Release|Any CPU.Build.0 = Release|Any CPU
	EndGlobalSection
	GlobalSection(SolutionProperties) = preSolution
		HideSolutionNode = FALSE
	EndGlobalSection
	GlobalSection(ExtensibilityGlobals) = postSolution
		SolutionGuid = {C4CAACB1-8498-40C9-8963-ABF9DD9C8526}
	EndGlobalSection
EndGlobal
